
Microsoft Visual Studio Solution File, Format Version 12.00
# Visual Studio Version 17
VisualStudioVersion = 17.8.34330.188
MinimumVisualStudioVersion = 10.0.40219.1
Project("{FAE04EC0-301F-11D3-BF4B-00C04F79EFBC}") = "Facade", "Facade\Facade.csproj", "{604504CC-8738-476C-B2D6-0A75322FDEF4}"
EndProject
Global
	GlobalSection(SolutionConfigurationPlatforms) = preSolution
		Debug|Any CPU = Debug|Any CPU
		Release|Any CPU = Release|Any CPU
	EndGlobalSection
	GlobalSection(ProjectConfigurationPlatforms) = postSolution
		{604504CC-8738-476C-B2D6-0A75322FDEF4}.Debug|Any CPU.ActiveCfg = Debug|Any CPU
		{604504CC-8738-476C-B2D6-0A75322FDEF4}.Debug|Any CPU.Build.0 = Debug|Any CPU
		{604504CC-8738-476C-B2D6-0A75322FDEF4}.Release|Any CPU.ActiveCfg = Release|Any CPU
		{604504CC-8738-476C-B2D6-0A75322FDEF4}.Release|Any CPU.Build.0 = Release|Any CPU
	EndGlobalSection
	GlobalSection(SolutionProperties) = preSolution
		HideSolutionNode = FALSE
	EndGlobalSection
	GlobalSection(ExtensibilityGlobals) = postSolution
		SolutionGuid = {5DE3A901-58A0-444C-BAAD-5B8D3A911E14}
	EndGlobalSection
EndGlobal
